# generated by rye
# use `rye lock` or `rye sync` to update this lockfile
#
# last locked with the following flags:
#   pre: false
#   features: []
#   all-features: false
#   with-sources: false
#   generate-hashes: false
#   universal: false

-e file:.
aiohappyeyeballs==2.4.4
    # via aiohttp
aiohttp==3.11.11
    # via discord-py
aiosignal==1.3.2
    # via aiohttp
attrs==24.3.0
    # via aiohttp
certifi==2024.8.30
    # via requests
    # via smn
chardet==5.2.0
    # via smn
charset-normalizer==3.4.0
    # via requests
    # via smn
colorama==0.4.6
    # via smn
discord-py==2.4.0
    # via smn
frozenlist==1.5.0
    # via aiohttp
    # via aiosignal
idna==3.10
    # via requests
    # via smn
    # via yarl
iniconfig==2.0.0
    # via pytest
    # via smn
multidict==6.1.0
    # via aiohttp
    # via yarl
packaging==24.2
    # via pytest
    # via smn
pluggy==1.5.0
    # via pytest
    # via smn
propcache==0.2.1
    # via aiohttp
    # via yarl
pytest==8.3.4
    # via pytest-warnings
    # via smn
pytest-warnings==0.3.1
    # via smn
python-dotenv==1.0.1
    # via smn
requests==2.32.3
    # via smn
structlog==24.4.0
    # via smn
toml==0.10.2
    # via smn
urllib3==2.2.3
    # via requests
    # via smn
watchdog==6.0.0
    # via smn
yarl==1.18.3
    # via aiohttp
